
Microsoft Visual Studio Solution File, Format Version 12.00
# Visual Studio Version 16
VisualStudioVersion = 16.0.808.7
MinimumVisualStudioVersion = 10.0.40219.1
Project("{FAE04EC0-301F-11D3-BF4B-00C04F79EFBC}") = "Integration.CSV", "Integration.CSV.csproj", "{A52EB0C8-DD01-41A7-AD01-AB22427F4536}"
EndProject
Global
	GlobalSection(SolutionConfigurationPlatforms) = preSolution
		Debug|Any CPU = Debug|Any CPU
		Release|Any CPU = Release|Any CPU
	EndGlobalSection
	GlobalSection(ProjectConfigurationPlatforms) = postSolution
		{A52EB0C8-DD01-41A7-AD01-AB22427F4536}.Debug|Any CPU.ActiveCfg = Debug|Any CPU
		{A52EB0C8-DD01-41A7-AD01-AB22427F4536}.Debug|Any CPU.Build.0 = Debug|Any CPU
		{A52EB0C8-DD01-41A7-AD01-AB22427F4536}.Release|Any CPU.ActiveCfg = Release|Any CPU
		{A52EB0C8-DD01-41A7-AD01-AB22427F4536}.Release|Any CPU.Build.0 = Release|Any CPU
	EndGlobalSection
	GlobalSection(SolutionProperties) = preSolution
		HideSolutionNode = FALSE
	EndGlobalSection
	GlobalSection(ExtensibilityGlobals) = postSolution
		SolutionGuid = {BB03BCF8-8B1D-4B54-BF67-4F69EB9700D4}
	EndGlobalSection
EndGlobal
